// !$*UTF8*$!
{
	archiveVersion = 1;
	classes = {
	};
	objectVersion = 56;
	objects = {

/* Begin PBXBuildFile section */
		D9314C7D2C5CC0F000D7F252 /* main.cpp in Sources */ = {isa = PBXBuildFile; fileRef = D9314C7C2C5CC0F000D7F252 /* main.cpp */; };
		D95B72DE2C5CC1E0003A338D /* freetype_helper.c in Sources */ = {isa = PBXBuildFile; fileRef = D95B72DD2C5CC1E0003A338D /* freetype_helper.c */; };
		D9F395B62C5CC15700A94F77 /* libfreetype.6.dylib in Frameworks */ = {isa = PBXBuildFile; fileRef = D9F395B52C5CC15700A94F77 /* libfreetype.6.dylib */; };
/* End PBXBuildFile section */

/* Begin PBXCopyFilesBuildPhase section */
		D9314C772C5CC0F000D7F252 /* CopyFiles */ = {
			isa = PBXCopyFilesBuildPhase;
			buildActionMask = 2147483647;
			dstPath = /usr/share/man/man1/;
			dstSubfolderSpec = 0;
			files = (
			);
			runOnlyForDeploymentPostprocessing = 1;
		};
/* End PBXCopyFilesBuildPhase section */

/* Begin PBXFileReference section */
		D9314C792C5CC0F000D7F252 /* freetype_helper */ = {isa = PBXFileReference; explicitFileType = "compiled.mach-o.executable"; includeInIndex = 0; path = freetype_helper; sourceTree = BUILT_PRODUCTS_DIR; };
		D9314C7C2C5CC0F000D7F252 /* main.cpp */ = {isa = PBXFileReference; lastKnownFileType = sourcecode.cpp.cpp; path = main.cpp; sourceTree = "<group>"; };
		D95B72DC2C5CC1E0003A338D /* freetype_helper.h */ = {isa = PBXFileReference; lastKnownFileType = sourcecode.c.h; path = freetype_helper.h; sourceTree = "<group>"; };
		D95B72DD2C5CC1E0003A338D /* freetype_helper.c */ = {isa = PBXFileReference; lastKnownFileType = sourcecode.c.c; path = freetype_helper.c; sourceTree = "<group>"; };
		D9F395B52C5CC15700A94F77 /* libfreetype.6.dylib */ = {isa = PBXFileReference; lastKnownFileType = "compiled.mach-o.dylib"; name = libfreetype.6.dylib; path = /opt/homebrew/Cellar/freetype/2.13.2/lib/libfreetype.6.dylib; sourceTree = "<group>"; };
/* End PBXFileReference section */

/* Begin PBXFrameworksBuildPhase section */
		D9314C762C5CC0F000D7F252 /* Frameworks */ = {
			isa = PBXFrameworksBuildPhase;
			buildActionMask = 2147483647;
			files = (
				D9F395B62C5CC15700A94F77 /* libfreetype.6.dylib in Frameworks */,
			);
			runOnlyForDeploymentPostprocessing = 0;
		};
/* End PBXFrameworksBuildPhase section */

/* Begin PBXGroup section */
		D9314C702C5CC0F000D7F252 = {
			isa = PBXGroup;
			children = (
				D9314C7B2C5CC0F000D7F252 /* freetype_helper */,
				D9314C7A2C5CC0F000D7F252 /* Products */,
				D9F395B42C5CC15700A94F77 /* Frameworks */,
			);
			sourceTree = "<group>";
		};
		D9314C7A2C5CC0F000D7F252 /* Products */ = {
			isa = PBXGroup;
			children = (
				D9314C792C5CC0F000D7F252 /* freetype_helper */,
			);
			name = Products;
			sourceTree = "<group>";
		};
		D9314C7B2C5CC0F000D7F252 /* freetype_helper */ = {
			isa = PBXGroup;
			children = (
				D95B72DB2C5CC1CC003A338D /* freetype_helper */,
				D9314C7C2C5CC0F000D7F252 /* main.cpp */,
			);
			path = freetype_helper;
			sourceTree = "<group>";
		};
		D95B72DB2C5CC1CC003A338D /* freetype_helper */ = {
			isa = PBXGroup;
			children = (
				D95B72DC2C5CC1E0003A338D /* freetype_helper.h */,
				D95B72DD2C5CC1E0003A338D /* freetype_helper.c */,
			);
			path = freetype_helper;
			sourceTree = "<group>";
		};
		D9F395B42C5CC15700A94F77 /* Frameworks */ = {
			isa = PBXGroup;
			children = (
				D9F395B52C5CC15700A94F77 /* libfreetype.6.dylib */,
			);
			name = Frameworks;
			sourceTree = "<group>";
		};
/* End PBXGroup section */

/* Begin PBXNativeTarget section */
		D9314C782C5CC0F000D7F252 /* freetype_helper */ = {
			isa = PBXNativeTarget;
			buildConfigurationList = D9314C802C5CC0F000D7F252 /* Build configuration list for PBXNativeTarget "freetype_helper" */;
			buildPhases = (
				D9314C752C5CC0F000D7F252 /* Sources */,
				D9314C762C5CC0F000D7F252 /* Frameworks */,
				D9314C772C5CC0F000D7F252 /* CopyFiles */,
			);
			buildRules = (
			);
			dependencies = (
			);
			name = freetype_helper;
			productName = freetype_helper;
			productReference = D9314C792C5CC0F000D7F252 /* freetype_helper */;
			productType = "com.apple.product-type.tool";
		};
/* End PBXNativeTarget section */

/* Begin PBXProject section */
		D9314C712C5CC0F000D7F252 /* Project object */ = {
			isa = PBXProject;
			attributes = {
				BuildIndependentTargetsInParallel = 1;
				LastUpgradeCheck = 1540;
				TargetAttributes = {
					D9314C782C5CC0F000D7F252 = {
						CreatedOnToolsVersion = 15.4;
					};
				};
			};
			buildConfigurationList = D9314C742C5CC0F000D7F252 /* Build configuration list for PBXProject "freetype_helper" */;
			compatibilityVersion = "Xcode 14.0";
			developmentRegion = en;
			hasScannedForEncodings = 0;
			knownRegions = (
				en,
				Base,
			);
			mainGroup = D9314C702C5CC0F000D7F252;
			productRefGroup = D9314C7A2C5CC0F000D7F252 /* Products */;
			projectDirPath = "";
			projectRoot = "";
			targets = (
				D9314C782C5CC0F000D7F252 /* freetype_helper */,
			);
		};
/* End PBXProject section */

/* Begin PBXSourcesBuildPhase section */
		D9314C752C5CC0F000D7F252 /* Sources */ = {
			isa = PBXSourcesBuildPhase;
			buildActionMask = 2147483647;
			files = (
				D9314C7D2C5CC0F000D7F252 /* main.cpp in Sources */,
				D95B72DE2C5CC1E0003A338D /* freetype_helper.c in Sources */,
			);
			runOnlyForDeploymentPostprocessing = 0;
		};
/* End PBXSourcesBuildPhase section */

/* Begin XCBuildConfiguration section */
		D9314C7E2C5CC0F000D7F252 /* Debug */ = {
			isa = XCBuildConfiguration;
			buildSettings = {
				ALWAYS_SEARCH_USER_PATHS = NO;
				ASSETCATALOG_COMPILER_GENERATE_SWIFT_ASSET_SYMBOL_EXTENSIONS = YES;
				CLANG_ANALYZER_NONNULL = YES;
				CLANG_ANALYZER_NUMBER_OBJECT_CONVERSION = YES_AGGRESSIVE;
				CLANG_CXX_LANGUAGE_STANDARD = "gnu++20";
				CLANG_ENABLE_MODULES = YES;
				CLANG_ENABLE_OBJC_ARC = YES;
				CLANG_ENABLE_OBJC_WEAK = YES;
				CLANG_WARN_BLOCK_CAPTURE_AUTORELEASING = YES;
				CLANG_WARN_BOOL_CONVERSION = YES;
				CLANG_WARN_COMMA = YES;
				CLANG_WARN_CONSTANT_CONVERSION = YES;
				CLANG_WARN_DEPRECATED_OBJC_IMPLEMENTATIONS = YES;
				CLANG_WARN_DIRECT_OBJC_ISA_USAGE = YES_ERROR;
				CLANG_WARN_DOCUMENTATION_COMMENTS = YES;
				CLANG_WARN_EMPTY_BODY = YES;
				CLANG_WARN_ENUM_CONVERSION = YES;
				CLANG_WARN_INFINITE_RECURSION = YES;
				CLANG_WARN_INT_CONVERSION = YES;
				CLANG_WARN_NON_LITERAL_NULL_CONVERSION = YES;
				CLANG_WARN_OBJC_IMPLICIT_RETAIN_SELF = YES;
				CLANG_WARN_OBJC_LITERAL_CONVERSION = YES;
				CLANG_WARN_OBJC_ROOT_CLASS = YES_ERROR;
				CLANG_WARN_QUOTED_INCLUDE_IN_FRAMEWORK_HEADER = YES;
				CLANG_WARN_RANGE_LOOP_ANALYSIS = YES;
				CLANG_WARN_STRICT_PROTOTYPES = YES;
				CLANG_WARN_SUSPICIOUS_MOVE = YES;
				CLANG_WARN_UNGUARDED_AVAILABILITY = YES_AGGRESSIVE;
				CLANG_WARN_UNREACHABLE_CODE = YES;
				CLANG_WARN__DUPLICATE_METHOD_MATCH = YES;
				COPY_PHASE_STRIP = NO;
				DEBUG_INFORMATION_FORMAT = dwarf;
				ENABLE_STRICT_OBJC_MSGSEND = YES;
				ENABLE_TESTABILITY = YES;
				ENABLE_USER_SCRIPT_SANDBOXING = YES;
				GCC_C_LANGUAGE_STANDARD = gnu17;
				GCC_DYNAMIC_NO_PIC = NO;
				GCC_NO_COMMON_BLOCKS = YES;
				GCC_OPTIMIZATION_LEVEL = 0;
				GCC_PREPROCESSOR_DEFINITIONS = (
					"DEBUG=1",
					"$(inherited)",
				);
				GCC_WARN_64_TO_32_BIT_CONVERSION = YES;
				GCC_WARN_ABOUT_RETURN_TYPE = YES_ERROR;
				GCC_WARN_UNDECLARED_SELECTOR = YES;
				GCC_WARN_UNINITIALIZED_AUTOS = YES_AGGRESSIVE;
				GCC_WARN_UNUSED_FUNCTION = YES;
				GCC_WARN_UNUSED_VARIABLE = YES;
				LOCALIZATION_PREFERS_STRING_CATALOGS = YES;
				MACOSX_DEPLOYMENT_TARGET = 14.5;
				MTL_ENABLE_DEBUG_INFO = INCLUDE_SOURCE;
				MTL_FAST_MATH = YES;
				ONLY_ACTIVE_ARCH = YES;
				SDKROOT = macosx;
			};
			name = Debug;
		};
		D9314C7F2C5CC0F000D7F252 /* Release */ = {
			isa = XCBuildConfiguration;
			buildSettings = {
				ALWAYS_SEARCH_USER_PATHS = NO;
				ASSETCATALOG_COMPILER_GENERATE_SWIFT_ASSET_SYMBOL_EXTENSIONS = YES;
				CLANG_ANALYZER_NONNULL = YES;
				CLANG_ANALYZER_NUMBER_OBJECT_CONVERSION = YES_AGGRESSIVE;
				CLANG_CXX_LANGUAGE_STANDARD = "gnu++20";
				CLANG_ENABLE_MODULES = YES;
				CLANG_ENABLE_OBJC_ARC = YES;
				CLANG_ENABLE_OBJC_WEAK = YES;
				CLANG_WARN_BLOCK_CAPTURE_AUTORELEASING = YES;
				CLANG_WARN_BOOL_CONVERSION = YES;
				CLANG_WARN_COMMA = YES;
				CLANG_WARN_CONSTANT_CONVERSION = YES;
				CLANG_WARN_DEPRECATED_OBJC_IMPLEMENTATIONS = YES;
				CLANG_WARN_DIRECT_OBJC_ISA_USAGE = YES_ERROR;
				CLANG_WARN_DOCUMENTATION_COMMENTS = YES;
				CLANG_WARN_EMPTY_BODY = YES;
				CLANG_WARN_ENUM_CONVERSION = YES;
				CLANG_WARN_INFINITE_RECURSION = YES;
				CLANG_WARN_INT_CONVERSION = YES;
				CLANG_WARN_NON_LITERAL_NULL_CONVERSION = YES;
				CLANG_WARN_OBJC_IMPLICIT_RETAIN_SELF = YES;
				CLANG_WARN_OBJC_LITERAL_CONVERSION = YES;
				CLANG_WARN_OBJC_ROOT_CLASS = YES_ERROR;
				CLANG_WARN_QUOTED_INCLUDE_IN_FRAMEWORK_HEADER = YES;
				CLANG_WARN_RANGE_LOOP_ANALYSIS = YES;
				CLANG_WARN_STRICT_PROTOTYPES = YES;
				CLANG_WARN_SUSPICIOUS_MOVE = YES;
				CLANG_WARN_UNGUARDED_AVAILABILITY = YES_AGGRESSIVE;
				CLANG_WARN_UNREACHABLE_CODE = YES;
				CLANG_WARN__DUPLICATE_METHOD_MATCH = YES;
				COPY_PHASE_STRIP = NO;
				DEBUG_INFORMATION_FORMAT = "dwarf-with-dsym";
				ENABLE_NS_ASSERTIONS = NO;
				ENABLE_STRICT_OBJC_MSGSEND = YES;
				ENABLE_USER_SCRIPT_SANDBOXING = YES;
				GCC_C_LANGUAGE_STANDARD = gnu17;
				GCC_NO_COMMON_BLOCKS = YES;
				GCC_WARN_64_TO_32_BIT_CONVERSION = YES;
				GCC_WARN_ABOUT_RETURN_TYPE = YES_ERROR;
				GCC_WARN_UNDECLARED_SELECTOR = YES;
				GCC_WARN_UNINITIALIZED_AUTOS = YES_AGGRESSIVE;
				GCC_WARN_UNUSED_FUNCTION = YES;
				GCC_WARN_UNUSED_VARIABLE = YES;
				LOCALIZATION_PREFERS_STRING_CATALOGS = YES;
				MACOSX_DEPLOYMENT_TARGET = 14.5;
				MTL_ENABLE_DEBUG_INFO = NO;
				MTL_FAST_MATH = YES;
				SDKROOT = macosx;
			};
			name = Release;
		};
		D9314C812C5CC0F000D7F252 /* Debug */ = {
			isa = XCBuildConfiguration;
			buildSettings = {
				CODE_SIGN_STYLE = Automatic;
				HEADER_SEARCH_PATHS = /opt/homebrew/Cellar/freetype/2.13.2/include/freetype2;
				LIBRARY_SEARCH_PATHS = (
					"$(inherited)",
					/opt/homebrew/Cellar/freetype/2.13.2/lib,
				);
				PRODUCT_NAME = "$(TARGET_NAME)";
			};
			name = Debug;
		};
		D9314C822C5CC0F000D7F252 /* Release */ = {
			isa = XCBuildConfiguration;
			buildSettings = {
				CODE_SIGN_STYLE = Automatic;
				HEADER_SEARCH_PATHS = /opt/homebrew/Cellar/freetype/2.13.2/include/freetype2;
				LIBRARY_SEARCH_PATHS = (
					"$(inherited)",
					/opt/homebrew/Cellar/freetype/2.13.2/lib,
				);
				PRODUCT_NAME = "$(TARGET_NAME)";
			};
			name = Release;
		};
/* End XCBuildConfiguration section */

/* Begin XCConfigurationList section */
		D9314C742C5CC0F000D7F252 /* Build configuration list for PBXProject "freetype_helper" */ = {
			isa = XCConfigurationList;
			buildConfigurations = (
				D9314C7E2C5CC0F000D7F252 /* Debug */,
				D9314C7F2C5CC0F000D7F252 /* Release */,
			);
			defaultConfigurationIsVisible = 0;
			defaultConfigurationName = Release;
		};
		D9314C802C5CC0F000D7F252 /* Build configuration list for PBXNativeTarget "freetype_helper" */ = {
			isa = XCConfigurationList;
			buildConfigurations = (
				D9314C812C5CC0F000D7F252 /* Debug */,
				D9314C822C5CC0F000D7F252 /* Release */,
			);
			defaultConfigurationIsVisible = 0;
			defaultConfigurationName = Release;
		};
/* End XCConfigurationList section */
	};
	rootObject = D9314C712C5CC0F000D7F252 /* Project object */;
}
